
Microsoft Visual Studio Solution File, Format Version 12.00
# Visual Studio Version 16
VisualStudioVersion = 16.0.28803.352
MinimumVisualStudioVersion = 10.0.40219.1
Project("{FAE04EC0-301F-11D3-BF4B-00C04F79EFBC}") = "ViewWinform", "ViewWinform\ViewWinform.csproj", "{95B68EBD-3E3F-4A3E-B461-7BD7C51836A7}"
EndProject
Project("{FAE04EC0-301F-11D3-BF4B-00C04F79EFBC}") = "DBManagerLibrary", "DBManagerLibrary\DBManagerLibrary.csproj", "{01A3C210-78BA-4C4B-A044-545104836BA0}"
EndProject
Project("{FAE04EC0-301F-11D3-BF4B-00C04F79EFBC}") = "ControllerLibrary", "ControllerLibrary\ControllerLibrary.csproj", "{175B593E-626E-499E-A288-B25B211924FE}"
EndProject
Project("{FAE04EC0-301F-11D3-BF4B-00C04F79EFBC}") = "ModelLibrary", "ModelLibrary\ModelLibrary.csproj", "{7312C39A-27BE-4806-9FF7-CA78A156EC74}"
EndProject
Project("{FAE04EC0-301F-11D3-BF4B-00C04F79EFBC}") = "HISTest", "HISTest\HISTest.csproj", "{04A0084F-06D9-4F3B-B8D3-D5A5F31F0C32}"
EndProject
Global
	GlobalSection(SolutionConfigurationPlatforms) = preSolution
		Debug|Any CPU = Debug|Any CPU
		Release|Any CPU = Release|Any CPU
	EndGlobalSection
	GlobalSection(ProjectConfigurationPlatforms) = postSolution
		{95B68EBD-3E3F-4A3E-B461-7BD7C51836A7}.Debug|Any CPU.ActiveCfg = Debug|Any CPU
		{95B68EBD-3E3F-4A3E-B461-7BD7C51836A7}.Debug|Any CPU.Build.0 = Debug|Any CPU
		{95B68EBD-3E3F-4A3E-B461-7BD7C51836A7}.Release|Any CPU.ActiveCfg = Release|Any CPU
		{95B68EBD-3E3F-4A3E-B461-7BD7C51836A7}.Release|Any CPU.Build.0 = Release|Any CPU
		{01A3C210-78BA-4C4B-A044-545104836BA0}.Debug|Any CPU.ActiveCfg = Debug|Any CPU
		{01A3C210-78BA-4C4B-A044-545104836BA0}.Debug|Any CPU.Build.0 = Debug|Any CPU
		{01A3C210-78BA-4C4B-A044-545104836BA0}.Release|Any CPU.ActiveCfg = Release|Any CPU
		{01A3C210-78BA-4C4B-A044-545104836BA0}.Release|Any CPU.Build.0 = Release|Any CPU
		{175B593E-626E-499E-A288-B25B211924FE}.Debug|Any CPU.ActiveCfg = Debug|Any CPU
		{175B593E-626E-499E-A288-B25B211924FE}.Debug|Any CPU.Build.0 = Debug|Any CPU
		{175B593E-626E-499E-A288-B25B211924FE}.Release|Any CPU.ActiveCfg = Release|Any CPU
		{175B593E-626E-499E-A288-B25B211924FE}.Release|Any CPU.Build.0 = Release|Any CPU
		{7312C39A-27BE-4806-9FF7-CA78A156EC74}.Debug|Any CPU.ActiveCfg = Debug|Any CPU
		{7312C39A-27BE-4806-9FF7-CA78A156EC74}.Debug|Any CPU.Build.0 = Debug|Any CPU
		{7312C39A-27BE-4806-9FF7-CA78A156EC74}.Release|Any CPU.ActiveCfg = Release|Any CPU
		{7312C39A-27BE-4806-9FF7-CA78A156EC74}.Release|Any CPU.Build.0 = Release|Any CPU
		{04A0084F-06D9-4F3B-B8D3-D5A5F31F0C32}.Debug|Any CPU.ActiveCfg = Debug|Any CPU
		{04A0084F-06D9-4F3B-B8D3-D5A5F31F0C32}.Debug|Any CPU.Build.0 = Debug|Any CPU
		{04A0084F-06D9-4F3B-B8D3-D5A5F31F0C32}.Release|Any CPU.ActiveCfg = Release|Any CPU
		{04A0084F-06D9-4F3B-B8D3-D5A5F31F0C32}.Release|Any CPU.Build.0 = Release|Any CPU
	EndGlobalSection
	GlobalSection(SolutionProperties) = preSolution
		HideSolutionNode = FALSE
	EndGlobalSection
	GlobalSection(ExtensibilityGlobals) = postSolution
		SolutionGuid = {2D0B2421-A50A-4D66-8069-7B0B2768928E}
	EndGlobalSection
EndGlobal
